
Microsoft Visual Studio Solution File, Format Version 12.00
# Visual Studio 15
VisualStudioVersion = 15.0.28307.102
MinimumVisualStudioVersion = 10.0.40219.1
Project("{FAE04EC0-301F-11D3-BF4B-00C04F79EFBC}") = "TheCodeCamp", "TheCodeCamp\TheCodeCamp.csproj", "{715EEC2D-FFB8-46AF-B845-2367732818CB}"
EndProject
Global
	GlobalSection(SolutionConfigurationPlatforms) = preSolution
		Debug|Any CPU = Debug|Any CPU
		Release|Any CPU = Release|Any CPU
	EndGlobalSection
	GlobalSection(ProjectConfigurationPlatforms) = postSolution
		{715EEC2D-FFB8-46AF-B845-2367732818CB}.Debug|Any CPU.ActiveCfg = Debug|Any CPU
		{715EEC2D-FFB8-46AF-B845-2367732818CB}.Debug|Any CPU.Build.0 = Debug|Any CPU
		{715EEC2D-FFB8-46AF-B845-2367732818CB}.Release|Any CPU.ActiveCfg = Release|Any CPU
		{715EEC2D-FFB8-46AF-B845-2367732818CB}.Release|Any CPU.Build.0 = Release|Any CPU
	EndGlobalSection
	GlobalSection(SolutionProperties) = preSolution
		HideSolutionNode = FALSE
	EndGlobalSection
	GlobalSection(ExtensibilityGlobals) = postSolution
		SolutionGuid = {92776829-E9AD-46AF-8712-1251F0BB7E7F}
	EndGlobalSection
EndGlobal
